
Microsoft Visual Studio Solution File, Format Version 12.00
# Visual Studio 15
VisualStudioVersion = 15.0.27703.2035
MinimumVisualStudioVersion = 10.0.40219.1
Project("{FAE04EC0-301F-11D3-BF4B-00C04F79EFBC}") = "Carubbi.Logger", "Carubbi.Logger\Carubbi.Logger.csproj", "{8664611B-28EA-411D-8238-F33D5D634D22}"
EndProject
Global
	GlobalSection(SolutionConfigurationPlatforms) = preSolution
		Debug|Any CPU = Debug|Any CPU
		Release|Any CPU = Release|Any CPU
	EndGlobalSection
	GlobalSection(ProjectConfigurationPlatforms) = postSolution
		{8664611B-28EA-411D-8238-F33D5D634D22}.Debug|Any CPU.ActiveCfg = Debug|Any CPU
		{8664611B-28EA-411D-8238-F33D5D634D22}.Debug|Any CPU.Build.0 = Debug|Any CPU
		{8664611B-28EA-411D-8238-F33D5D634D22}.Release|Any CPU.ActiveCfg = Release|Any CPU
		{8664611B-28EA-411D-8238-F33D5D634D22}.Release|Any CPU.Build.0 = Release|Any CPU
	EndGlobalSection
	GlobalSection(SolutionProperties) = preSolution
		HideSolutionNode = FALSE
	EndGlobalSection
	GlobalSection(ExtensibilityGlobals) = postSolution
		SolutionGuid = {1D3F3278-69F1-480F-B253-FDDFEFB208FD}
	EndGlobalSection
EndGlobal
